
Microsoft Visual Studio Solution File, Format Version 12.00
# Visual Studio 14
VisualStudioVersion = 14.0.25123.0
MinimumVisualStudioVersion = 10.0.40219.1
Project("{FAE04EC0-301F-11D3-BF4B-00C04F79EFBC}") = "Snackbar", "Snackbar\Snackbar.csproj", "{AC82A6BB-325C-49FD-A35E-1758DEC056BF}"
EndProject
Project("{FAE04EC0-301F-11D3-BF4B-00C04F79EFBC}") = "SnackbarDemo", "SnackbarDemo\SnackbarDemo.csproj", "{B9D87355-1435-4532-B0F0-6550789268D8}"
EndProject
Global
	GlobalSection(SolutionConfigurationPlatforms) = preSolution
		Debug|Any CPU = Debug|Any CPU
		Release|Any CPU = Release|Any CPU
	EndGlobalSection
	GlobalSection(ProjectConfigurationPlatforms) = postSolution
		{AC82A6BB-325C-49FD-A35E-1758DEC056BF}.Debug|Any CPU.ActiveCfg = Debug|Any CPU
		{AC82A6BB-325C-49FD-A35E-1758DEC056BF}.Debug|Any CPU.Build.0 = Debug|Any CPU
		{AC82A6BB-325C-49FD-A35E-1758DEC056BF}.Release|Any CPU.ActiveCfg = Release|Any CPU
		{AC82A6BB-325C-49FD-A35E-1758DEC056BF}.Release|Any CPU.Build.0 = Release|Any CPU
		{B9D87355-1435-4532-B0F0-6550789268D8}.Debug|Any CPU.ActiveCfg = Debug|Any CPU
		{B9D87355-1435-4532-B0F0-6550789268D8}.Debug|Any CPU.Build.0 = Debug|Any CPU
		{B9D87355-1435-4532-B0F0-6550789268D8}.Release|Any CPU.ActiveCfg = Release|Any CPU
		{B9D87355-1435-4532-B0F0-6550789268D8}.Release|Any CPU.Build.0 = Release|Any CPU
	EndGlobalSection
	GlobalSection(SolutionProperties) = preSolution
		HideSolutionNode = FALSE
	EndGlobalSection
EndGlobal
